// !$*UTF8*$!
{
	archiveVersion = 1;
	classes = {
	};
	objectVersion = 50;
	objects = {

/* Begin PBXBuildFile section */
		AA43495221F7E5A6004B47AA /* AppDelegate.swift in Sources */ = {isa = PBXBuildFile; fileRef = AA43495121F7E5A6004B47AA /* AppDelegate.swift */; };
		AA43495421F7E5A6004B47AA /* ViewController.swift in Sources */ = {isa = PBXBuildFile; fileRef = AA43495321F7E5A6004B47AA /* ViewController.swift */; };
		AA43495721F7E5A6004B47AA /* Main.storyboard in Resources */ = {isa = PBXBuildFile; fileRef = AA43495521F7E5A6004B47AA /* Main.storyboard */; };
		AA43495921F7E5A7004B47AA /* Assets.xcassets in Resources */ = {isa = PBXBuildFile; fileRef = AA43495821F7E5A7004B47AA /* Assets.xcassets */; };
		AA43495C21F7E5A7004B47AA /* LaunchScreen.storyboard in Resources */ = {isa = PBXBuildFile; fileRef = AA43495A21F7E5A7004B47AA /* LaunchScreen.storyboard */; };
/* End PBXBuildFile section */

/* Begin PBXFileReference section */
		AA43494E21F7E5A6004B47AA /* HelloWorldBanabilah.app */ = {isa = PBXFileReference; explicitFileType = wrapper.application; includeInIndex = 0; path = HelloWorldBanabilah.app; sourceTree = BUILT_PRODUCTS_DIR; };
		AA43495121F7E5A6004B47AA /* AppDelegate.swift */ = {isa = PBXFileReference; lastKnownFileType = sourcecode.swift; path = AppDelegate.swift; sourceTree = "<group>"; };
		AA43495321F7E5A6004B47AA /* ViewController.swift */ = {isa = PBXFileReference; lastKnownFileType = sourcecode.swift; path = ViewController.swift; sourceTree = "<group>"; };
		AA43495621F7E5A6004B47AA /* Base */ = {isa = PBXFileReference; lastKnownFileType = file.storyboard; name = Base; path = Base.lproj/Main.storyboard; sourceTree = "<group>"; };
		AA43495821F7E5A7004B47AA /* Assets.xcassets */ = {isa = PBXFileReference; lastKnownFileType = folder.assetcatalog; path = Assets.xcassets; sourceTree = "<group>"; };
		AA43495B21F7E5A7004B47AA /* Base */ = {isa = PBXFileReference; lastKnownFileType = file.storyboard; name = Base; path = Base.lproj/LaunchScreen.storyboard; sourceTree = "<group>"; };
		AA43495D21F7E5A7004B47AA /* Info.plist */ = {isa = PBXFileReference; lastKnownFileType = text.plist.xml; path = Info.plist; sourceTree = "<group>"; };
/* End PBXFileReference section */

/* Begin PBXFrameworksBuildPhase section */
		AA43494B21F7E5A6004B47AA /* Frameworks */ = {
			isa = PBXFrameworksBuildPhase;
			buildActionMask = 2147483647;
			files = (
			);
			runOnlyForDeploymentPostprocessing = 0;
		};
/* End PBXFrameworksBuildPhase section */

/* Begin PBXGroup section */
		AA43494521F7E5A6004B47AA = {
			isa = PBXGroup;
			children = (
				AA43495021F7E5A6004B47AA /* HelloWorldBanabilah */,
				AA43494F21F7E5A6004B47AA /* Products */,
			);
			sourceTree = "<group>";
		};
		AA43494F21F7E5A6004B47AA /* Products */ = {
			isa = PBXGroup;
			children = (
				AA43494E21F7E5A6004B47AA /* HelloWorldBanabilah.app */,
			);
			name = Products;
			sourceTree = "<group>";
		};
		AA43495021F7E5A6004B47AA /* HelloWorldBanabilah */ = {
			isa = PBXGroup;
			children = (
				AA43495121F7E5A6004B47AA /* AppDelegate.swift */,
				AA43495321F7E5A6004B47AA /* ViewController.swift */,
				AA43495521F7E5A6004B47AA /* Main.storyboard */,
				AA43495821F7E5A7004B47AA /* Assets.xcassets */,
				AA43495A21F7E5A7004B47AA /* LaunchScreen.storyboard */,
				AA43495D21F7E5A7004B47AA /* Info.plist */,
			);
			path = HelloWorldBanabilah;
			sourceTree = "<group>";
		};
/* End PBXGroup section */

/* Begin PBXNativeTarget section */
		AA43494D21F7E5A6004B47AA /* HelloWorldBanabilah */ = {
			isa = PBXNativeTarget;
			buildConfigurationList = AA43496021F7E5A7004B47AA /* Build configuration list for PBXNativeTarget "HelloWorldBanabilah" */;
			buildPhases = (
				AA43494A21F7E5A6004B47AA /* Sources */,
				AA43494B21F7E5A6004B47AA /* Frameworks */,
				AA43494C21F7E5A6004B47AA /* Resources */,
			);
			buildRules = (
			);
			dependencies = (
			);
			name = HelloWorldBanabilah;
			productName = HelloWorldBanabilah;
			productReference = AA43494E21F7E5A6004B47AA /* HelloWorldBanabilah.app */;
			productType = "com.apple.product-type.application";
		};
/* End PBXNativeTarget section */

/* Begin PBXProject section */
		AA43494621F7E5A6004B47AA /* Project object */ = {
			isa = PBXProject;
			attributes = {
				LastSwiftUpdateCheck = 1010;
				LastUpgradeCheck = 1010;
				ORGANIZATIONNAME = "Syreen Banabilah";
				TargetAttributes = {
					AA43494D21F7E5A6004B47AA = {
						CreatedOnToolsVersion = 10.1;
					};
				};
			};
			buildConfigurationList = AA43494921F7E5A6004B47AA /* Build configuration list for PBXProject "HelloWorldBanabilah" */;
			compatibilityVersion = "Xcode 9.3";
			developmentRegion = en;
			hasScannedForEncodings = 0;
			knownRegions = (
				en,
				Base,
			);
			mainGroup = AA43494521F7E5A6004B47AA;
			productRefGroup = AA43494F21F7E5A6004B47AA /* Products */;
			projectDirPath = "";
			projectRoot = "";
			targets = (
				AA43494D21F7E5A6004B47AA /* HelloWorldBanabilah */,
			);
		};
/* End PBXProject section */

/* Begin PBXResourcesBuildPhase section */
		AA43494C21F7E5A6004B47AA /* Resources */ = {
			isa = PBXResourcesBuildPhase;
			buildActionMask = 2147483647;
			files = (
				AA43495C21F7E5A7004B47AA /* LaunchScreen.storyboard in Resources */,
				AA43495921F7E5A7004B47AA /* Assets.xcassets in Resources */,
				AA43495721F7E5A6004B47AA /* Main.storyboard in Resources */,
			);
			runOnlyForDeploymentPostprocessing = 0;
		};
/* End PBXResourcesBuildPhase section */

/* Begin PBXSourcesBuildPhase section */
		AA43494A21F7E5A6004B47AA /* Sources */ = {
			isa = PBXSourcesBuildPhase;
			buildActionMask = 2147483647;
			files = (
				AA43495421F7E5A6004B47AA /* ViewController.swift in Sources */,
				AA43495221F7E5A6004B47AA /* AppDelegate.swift in Sources */,
			);
			runOnlyForDeploymentPostprocessing = 0;
		};
/* End PBXSourcesBuildPhase section */

/* Begin PBXVariantGroup section */
		AA43495521F7E5A6004B47AA /* Main.storyboard */ = {
			isa = PBXVariantGroup;
			children = (
				AA43495621F7E5A6004B47AA /* Base */,
			);
			name = Main.storyboard;
			sourceTree = "<group>";
		};
		AA43495A21F7E5A7004B47AA /* LaunchScreen.storyboard */ = {
			isa = PBXVariantGroup;
			children = (
				AA43495B21F7E5A7004B47AA /* Base */,
			);
			name = LaunchScreen.storyboard;
			sourceTree = "<group>";
		};
/* End PBXVariantGroup section */

/* Begin XCBuildConfiguration section */
		AA43495E21F7E5A7004B47AA /* Debug */ = {
			isa = XCBuildConfiguration;
			buildSettings = {
				ALWAYS_SEARCH_USER_PATHS = NO;
				CLANG_ANALYZER_NONNULL = YES;
				CLANG_ANALYZER_NUMBER_OBJECT_CONVERSION = YES_AGGRESSIVE;
				CLANG_CXX_LANGUAGE_STANDARD = "gnu++14";
				CLANG_CXX_LIBRARY = "libc++";
				CLANG_ENABLE_MODULES = YES;
				CLANG_ENABLE_OBJC_ARC = YES;
				CLANG_ENABLE_OBJC_WEAK = YES;
				CLANG_WARN_BLOCK_CAPTURE_AUTORELEASING = YES;
				CLANG_WARN_BOOL_CONVERSION = YES;
				CLANG_WARN_COMMA = YES;
				CLANG_WARN_CONSTANT_CONVERSION = YES;
				CLANG_WARN_DEPRECATED_OBJC_IMPLEMENTATIONS = YES;
				CLANG_WARN_DIRECT_OBJC_ISA_USAGE = YES_ERROR;
				CLANG_WARN_DOCUMENTATION_COMMENTS = YES;
				CLANG_WARN_EMPTY_BODY = YES;
				CLANG_WARN_ENUM_CONVERSION = YES;
				CLANG_WARN_INFINITE_RECURSION = YES;
				CLANG_WARN_INT_CONVERSION = YES;
				CLANG_WARN_NON_LITERAL_NULL_CONVERSION = YES;
				CLANG_WARN_OBJC_IMPLICIT_RETAIN_SELF = YES;
				CLANG_WARN_OBJC_LITERAL_CONVERSION = YES;
				CLANG_WARN_OBJC_ROOT_CLASS = YES_ERROR;
				CLANG_WARN_RANGE_LOOP_ANALYSIS = YES;
				CLANG_WARN_STRICT_PROTOTYPES = YES;
				CLANG_WARN_SUSPICIOUS_MOVE = YES;
				CLANG_WARN_UNGUARDED_AVAILABILITY = YES_AGGRESSIVE;
				CLANG_WARN_UNREACHABLE_CODE = YES;
				CLANG_WARN__DUPLICATE_METHOD_MATCH = YES;
				CODE_SIGN_IDENTITY = "iPhone Developer";
				COPY_PHASE_STRIP = NO;
				DEBUG_INFORMATION_FORMAT = dwarf;
				ENABLE_STRICT_OBJC_MSGSEND = YES;
				ENABLE_TESTABILITY = YES;
				GCC_C_LANGUAGE_STANDARD = gnu11;
				GCC_DYNAMIC_NO_PIC = NO;
				GCC_NO_COMMON_BLOCKS = YES;
				GCC_OPTIMIZATION_LEVEL = 0;
				GCC_PREPROCESSOR_DEFINITIONS = (
					"DEBUG=1",
					"$(inherited)",
				);
				GCC_WARN_64_TO_32_BIT_CONVERSION = YES;
				GCC_WARN_ABOUT_RETURN_TYPE = YES_ERROR;
				GCC_WARN_UNDECLARED_SELECTOR = YES;
				GCC_WARN_UNINITIALIZED_AUTOS = YES_AGGRESSIVE;
				GCC_WARN_UNUSED_FUNCTION = YES;
				GCC_WARN_UNUSED_VARIABLE = YES;
				IPHONEOS_DEPLOYMENT_TARGET = 12.1;
				MTL_ENABLE_DEBUG_INFO = INCLUDE_SOURCE;
				MTL_FAST_MATH = YES;
				ONLY_ACTIVE_ARCH = YES;
				SDKROOT = iphoneos;
				SWIFT_ACTIVE_COMPILATION_CONDITIONS = DEBUG;
				SWIFT_OPTIMIZATION_LEVEL = "-Onone";
			};
			name = Debug;
		};
		AA43495F21F7E5A7004B47AA /* Release */ = {
			isa = XCBuildConfiguration;
			buildSettings = {
				ALWAYS_SEARCH_USER_PATHS = NO;
				CLANG_ANALYZER_NONNULL = YES;
				CLANG_ANALYZER_NUMBER_OBJECT_CONVERSION = YES_AGGRESSIVE;
				CLANG_CXX_LANGUAGE_STANDARD = "gnu++14";
				CLANG_CXX_LIBRARY = "libc++";
				CLANG_ENABLE_MODULES = YES;
				CLANG_ENABLE_OBJC_ARC = YES;
				CLANG_ENABLE_OBJC_WEAK = YES;
				CLANG_WARN_BLOCK_CAPTURE_AUTORELEASING = YES;
				CLANG_WARN_BOOL_CONVERSION = YES;
				CLANG_WARN_COMMA = YES;
				CLANG_WARN_CONSTANT_CONVERSION = YES;
				CLANG_WARN_DEPRECATED_OBJC_IMPLEMENTATIONS = YES;
				CLANG_WARN_DIRECT_OBJC_ISA_USAGE = YES_ERROR;
				CLANG_WARN_DOCUMENTATION_COMMENTS = YES;
				CLANG_WARN_EMPTY_BODY = YES;
				CLANG_WARN_ENUM_CONVERSION = YES;
				CLANG_WARN_INFINITE_RECURSION = YES;
				CLANG_WARN_INT_CONVERSION = YES;
				CLANG_WARN_NON_LITERAL_NULL_CONVERSION = YES;
				CLANG_WARN_OBJC_IMPLICIT_RETAIN_SELF = YES;
				CLANG_WARN_OBJC_LITERAL_CONVERSION = YES;
				CLANG_WARN_OBJC_ROOT_CLASS = YES_ERROR;
				CLANG_WARN_RANGE_LOOP_ANALYSIS = YES;
				CLANG_WARN_STRICT_PROTOTYPES = YES;
				CLANG_WARN_SUSPICIOUS_MOVE = YES;
				CLANG_WARN_UNGUARDED_AVAILABILITY = YES_AGGRESSIVE;
				CLANG_WARN_UNREACHABLE_CODE = YES;
				CLANG_WARN__DUPLICATE_METHOD_MATCH = YES;
				CODE_SIGN_IDENTITY = "iPhone Developer";
				COPY_PHASE_STRIP = NO;
				DEBUG_INFORMATION_FORMAT = "dwarf-with-dsym";
				ENABLE_NS_ASSERTIONS = NO;
				ENABLE_STRICT_OBJC_MSGSEND = YES;
				GCC_C_LANGUAGE_STANDARD = gnu11;
				GCC_NO_COMMON_BLOCKS = YES;
				GCC_WARN_64_TO_32_BIT_CONVERSION = YES;
				GCC_WARN_ABOUT_RETURN_TYPE = YES_ERROR;
				GCC_WARN_UNDECLARED_SELECTOR = YES;
				GCC_WARN_UNINITIALIZED_AUTOS = YES_AGGRESSIVE;
				GCC_WARN_UNUSED_FUNCTION = YES;
				GCC_WARN_UNUSED_VARIABLE = YES;
				IPHONEOS_DEPLOYMENT_TARGET = 12.1;
				MTL_ENABLE_DEBUG_INFO = NO;
				MTL_FAST_MATH = YES;
				SDKROOT = iphoneos;
				SWIFT_COMPILATION_MODE = wholemodule;
				SWIFT_OPTIMIZATION_LEVEL = "-O";
				VALIDATE_PRODUCT = YES;
			};
			name = Release;
		};
		AA43496121F7E5A7004B47AA /* Debug */ = {
			isa = XCBuildConfiguration;
			buildSettings = {
				ASSETCATALOG_COMPILER_APPICON_NAME = AppIcon;
				CODE_SIGN_STYLE = Automatic;
				INFOPLIST_FILE = HelloWorldBanabilah/Info.plist;
				LD_RUNPATH_SEARCH_PATHS = (
					"$(inherited)",
					"@executable_path/Frameworks",
				);
				PRODUCT_BUNDLE_IDENTIFIER = com.SyreenBanabilah.HelloWorldBanabilah;
				PRODUCT_NAME = "$(TARGET_NAME)";
				SWIFT_VERSION = 4.2;
				TARGETED_DEVICE_FAMILY = "1,2";
			};
			name = Debug;
		};
		AA43496221F7E5A7004B47AA /* Release */ = {
			isa = XCBuildConfiguration;
			buildSettings = {
				ASSETCATALOG_COMPILER_APPICON_NAME = AppIcon;
				CODE_SIGN_STYLE = Automatic;
				INFOPLIST_FILE = HelloWorldBanabilah/Info.plist;
				LD_RUNPATH_SEARCH_PATHS = (
					"$(inherited)",
					"@executable_path/Frameworks",
				);
				PRODUCT_BUNDLE_IDENTIFIER = com.SyreenBanabilah.HelloWorldBanabilah;
				PRODUCT_NAME = "$(TARGET_NAME)";
				SWIFT_VERSION = 4.2;
				TARGETED_DEVICE_FAMILY = "1,2";
			};
			name = Release;
		};
/* End XCBuildConfiguration section */

/* Begin XCConfigurationList section */
		AA43494921F7E5A6004B47AA /* Build configuration list for PBXProject "HelloWorldBanabilah" */ = {
			isa = XCConfigurationList;
			buildConfigurations = (
				AA43495E21F7E5A7004B47AA /* Debug */,
				AA43495F21F7E5A7004B47AA /* Release */,
			);
			defaultConfigurationIsVisible = 0;
			defaultConfigurationName = Release;
		};
		AA43496021F7E5A7004B47AA /* Build configuration list for PBXNativeTarget "HelloWorldBanabilah" */ = {
			isa = XCConfigurationList;
			buildConfigurations = (
				AA43496121F7E5A7004B47AA /* Debug */,
				AA43496221F7E5A7004B47AA /* Release */,
			);
			defaultConfigurationIsVisible = 0;
			defaultConfigurationName = Release;
		};
/* End XCConfigurationList section */
	};
	rootObject = AA43494621F7E5A6004B47AA /* Project object */;
}
